
Microsoft Visual Studio Solution File, Format Version 12.00
# Visual Studio 15
Project("{FAE04EC0-301F-11D3-BF4B-00C04F79EFBC}") = "Touchjet.NetworkUtils", "Touchjet.NetworkUtils.csproj", "{B212EFF3-0AA7-49B7-9690-768E2A463BBF}"
EndProject
Global
	GlobalSection(SolutionConfigurationPlatforms) = preSolution
		Debug|Any CPU = Debug|Any CPU
		Release|Any CPU = Release|Any CPU
	EndGlobalSection
	GlobalSection(ProjectConfigurationPlatforms) = postSolution
		{B212EFF3-0AA7-49B7-9690-768E2A463BBF}.Debug|Any CPU.ActiveCfg = Debug|Any CPU
		{B212EFF3-0AA7-49B7-9690-768E2A463BBF}.Debug|Any CPU.Build.0 = Debug|Any CPU
		{B212EFF3-0AA7-49B7-9690-768E2A463BBF}.Release|Any CPU.ActiveCfg = Release|Any CPU
		{B212EFF3-0AA7-49B7-9690-768E2A463BBF}.Release|Any CPU.Build.0 = Release|Any CPU
	EndGlobalSection
EndGlobal
